// !$*UTF8*$!
{
	archiveVersion = 1;
	classes = {
	};
	objectVersion = 46;
	objects = {

/* Begin PBXBuildFile section */
		6555CF761D5CC3B100B2F826 /* MatrixF.c in Sources */ = {isa = PBXBuildFile; fileRef = 6555CF741D5CC3B100B2F826 /* MatrixF.c */; };
		6555CF791D5CEA6C00B2F826 /* NumMethodsF.c in Sources */ = {isa = PBXBuildFile; fileRef = 6555CF771D5CEA6C00B2F826 /* NumMethodsF.c */; };
		659933851A7B8BE200520BCA /* main.cpp in Sources */ = {isa = PBXBuildFile; fileRef = 659933841A7B8BE200520BCA /* main.cpp */; };
		65BD9B731A7B9557003BEA1B /* MatrixX.tpp in Sources */ = {isa = PBXBuildFile; fileRef = 65BD9B721A7B9557003BEA1B /* MatrixX.tpp */; };
/* End PBXBuildFile section */

/* Begin PBXCopyFilesBuildPhase section */
		6599337F1A7B8BE200520BCA /* CopyFiles */ = {
			isa = PBXCopyFilesBuildPhase;
			buildActionMask = 2147483647;
			dstPath = /usr/share/man/man1/;
			dstSubfolderSpec = 0;
			files = (
			);
			runOnlyForDeploymentPostprocessing = 1;
		};
/* End PBXCopyFilesBuildPhase section */

/* Begin PBXFileReference section */
		6555CF741D5CC3B100B2F826 /* MatrixF.c */ = {isa = PBXFileReference; fileEncoding = 4; lastKnownFileType = sourcecode.c.c; path = MatrixF.c; sourceTree = "<group>"; };
		6555CF751D5CC3B100B2F826 /* MatrixF.h */ = {isa = PBXFileReference; fileEncoding = 4; lastKnownFileType = sourcecode.c.h; path = MatrixF.h; sourceTree = "<group>"; };
		6555CF771D5CEA6C00B2F826 /* NumMethodsF.c */ = {isa = PBXFileReference; fileEncoding = 4; lastKnownFileType = sourcecode.c.c; path = NumMethodsF.c; sourceTree = "<group>"; };
		6555CF781D5CEA6C00B2F826 /* NumMethodsF.h */ = {isa = PBXFileReference; fileEncoding = 4; lastKnownFileType = sourcecode.c.h; path = NumMethodsF.h; sourceTree = "<group>"; };
		6564D57A1A7CD69800E42C6E /* Num_methods.h */ = {isa = PBXFileReference; lastKnownFileType = sourcecode.c.h; path = Num_methods.h; sourceTree = "<group>"; };
		6564D57B1A7CE0F300E42C6E /* MatLib.h */ = {isa = PBXFileReference; lastKnownFileType = sourcecode.c.h; path = MatLib.h; sourceTree = "<group>"; };
		659933811A7B8BE200520BCA /* test */ = {isa = PBXFileReference; explicitFileType = "compiled.mach-o.executable"; includeInIndex = 0; path = test; sourceTree = BUILT_PRODUCTS_DIR; };
		659933841A7B8BE200520BCA /* main.cpp */ = {isa = PBXFileReference; lastKnownFileType = sourcecode.cpp.cpp; path = main.cpp; sourceTree = "<group>"; };
		65BD9B711A7B9557003BEA1B /* MatrixX.h */ = {isa = PBXFileReference; fileEncoding = 4; lastKnownFileType = sourcecode.c.h; path = MatrixX.h; sourceTree = "<group>"; };
		65BD9B721A7B9557003BEA1B /* MatrixX.tpp */ = {isa = PBXFileReference; fileEncoding = 4; lastKnownFileType = text; path = MatrixX.tpp; sourceTree = "<group>"; xcLanguageSpecificationIdentifier = xcode.lang.cpp; };
/* End PBXFileReference section */

/* Begin PBXFrameworksBuildPhase section */
		6599337E1A7B8BE200520BCA /* Frameworks */ = {
			isa = PBXFrameworksBuildPhase;
			buildActionMask = 2147483647;
			files = (
			);
			runOnlyForDeploymentPostprocessing = 0;
		};
/* End PBXFrameworksBuildPhase section */

/* Begin PBXGroup section */
		659933781A7B8BE200520BCA = {
			isa = PBXGroup;
			children = (
				659933831A7B8BE200520BCA /* test */,
				659933821A7B8BE200520BCA /* Products */,
			);
			sourceTree = "<group>";
		};
		659933821A7B8BE200520BCA /* Products */ = {
			isa = PBXGroup;
			children = (
				659933811A7B8BE200520BCA /* test */,
			);
			name = Products;
			sourceTree = "<group>";
		};
		659933831A7B8BE200520BCA /* test */ = {
			isa = PBXGroup;
			children = (
				6564D57B1A7CE0F300E42C6E /* MatLib.h */,
				65BD9B711A7B9557003BEA1B /* MatrixX.h */,
				65BD9B721A7B9557003BEA1B /* MatrixX.tpp */,
				6564D57A1A7CD69800E42C6E /* Num_methods.h */,
				659933841A7B8BE200520BCA /* main.cpp */,
				6555CF751D5CC3B100B2F826 /* MatrixF.h */,
				6555CF741D5CC3B100B2F826 /* MatrixF.c */,
				6555CF771D5CEA6C00B2F826 /* NumMethodsF.c */,
				6555CF781D5CEA6C00B2F826 /* NumMethodsF.h */,
			);
			path = test;
			sourceTree = "<group>";
		};
/* End PBXGroup section */

/* Begin PBXNativeTarget section */
		659933801A7B8BE200520BCA /* test */ = {
			isa = PBXNativeTarget;
			buildConfigurationList = 659933881A7B8BE200520BCA /* Build configuration list for PBXNativeTarget "test" */;
			buildPhases = (
				6599337D1A7B8BE200520BCA /* Sources */,
				6599337E1A7B8BE200520BCA /* Frameworks */,
				6599337F1A7B8BE200520BCA /* CopyFiles */,
			);
			buildRules = (
			);
			dependencies = (
			);
			name = test;
			productName = test;
			productReference = 659933811A7B8BE200520BCA /* test */;
			productType = "com.apple.product-type.tool";
		};
/* End PBXNativeTarget section */

/* Begin PBXProject section */
		659933791A7B8BE200520BCA /* Project object */ = {
			isa = PBXProject;
			attributes = {
				LastUpgradeCheck = 0730;
				ORGANIZATIONNAME = "Andrea Vivani";
				TargetAttributes = {
					659933801A7B8BE200520BCA = {
						CreatedOnToolsVersion = 6.1.1;
					};
				};
			};
			buildConfigurationList = 6599337C1A7B8BE200520BCA /* Build configuration list for PBXProject "test" */;
			compatibilityVersion = "Xcode 3.2";
			developmentRegion = English;
			hasScannedForEncodings = 0;
			knownRegions = (
				en,
			);
			mainGroup = 659933781A7B8BE200520BCA;
			productRefGroup = 659933821A7B8BE200520BCA /* Products */;
			projectDirPath = "";
			projectRoot = "";
			targets = (
				659933801A7B8BE200520BCA /* test */,
			);
		};
/* End PBXProject section */

/* Begin PBXSourcesBuildPhase section */
		6599337D1A7B8BE200520BCA /* Sources */ = {
			isa = PBXSourcesBuildPhase;
			buildActionMask = 2147483647;
			files = (
				6555CF791D5CEA6C00B2F826 /* NumMethodsF.c in Sources */,
				65BD9B731A7B9557003BEA1B /* MatrixX.tpp in Sources */,
				6555CF761D5CC3B100B2F826 /* MatrixF.c in Sources */,
				659933851A7B8BE200520BCA /* main.cpp in Sources */,
			);
			runOnlyForDeploymentPostprocessing = 0;
		};
/* End PBXSourcesBuildPhase section */

/* Begin XCBuildConfiguration section */
		659933861A7B8BE200520BCA /* Debug */ = {
			isa = XCBuildConfiguration;
			buildSettings = {
				ALWAYS_SEARCH_USER_PATHS = NO;
				CLANG_CXX_LANGUAGE_STANDARD = "gnu++0x";
				CLANG_CXX_LIBRARY = "libc++";
				CLANG_ENABLE_MODULES = YES;
				CLANG_ENABLE_OBJC_ARC = YES;
				CLANG_WARN_BOOL_CONVERSION = YES;
				CLANG_WARN_CONSTANT_CONVERSION = YES;
				CLANG_WARN_DIRECT_OBJC_ISA_USAGE = YES_ERROR;
				CLANG_WARN_EMPTY_BODY = YES;
				CLANG_WARN_ENUM_CONVERSION = YES;
				CLANG_WARN_INT_CONVERSION = YES;
				CLANG_WARN_OBJC_ROOT_CLASS = YES_ERROR;
				CLANG_WARN_UNREACHABLE_CODE = YES;
				CLANG_WARN__DUPLICATE_METHOD_MATCH = YES;
				COPY_PHASE_STRIP = NO;
				ENABLE_STRICT_OBJC_MSGSEND = YES;
				ENABLE_TESTABILITY = YES;
				GCC_C_LANGUAGE_STANDARD = gnu99;
				GCC_DYNAMIC_NO_PIC = NO;
				GCC_OPTIMIZATION_LEVEL = 0;
				GCC_PREPROCESSOR_DEFINITIONS = (
					"DEBUG=1",
					"$(inherited)",
				);
				GCC_SYMBOLS_PRIVATE_EXTERN = NO;
				GCC_WARN_64_TO_32_BIT_CONVERSION = YES;
				GCC_WARN_ABOUT_RETURN_TYPE = YES_ERROR;
				GCC_WARN_UNDECLARED_SELECTOR = YES;
				GCC_WARN_UNINITIALIZED_AUTOS = YES_AGGRESSIVE;
				GCC_WARN_UNUSED_FUNCTION = YES;
				GCC_WARN_UNUSED_VARIABLE = YES;
				MACOSX_DEPLOYMENT_TARGET = 10.9;
				MTL_ENABLE_DEBUG_INFO = YES;
				ONLY_ACTIVE_ARCH = YES;
				SDKROOT = macosx;
			};
			name = Debug;
		};
		659933871A7B8BE200520BCA /* Release */ = {
			isa = XCBuildConfiguration;
			buildSettings = {
				ALWAYS_SEARCH_USER_PATHS = NO;
				CLANG_CXX_LANGUAGE_STANDARD = "gnu++0x";
				CLANG_CXX_LIBRARY = "libc++";
				CLANG_ENABLE_MODULES = YES;
				CLANG_ENABLE_OBJC_ARC = YES;
				CLANG_WARN_BOOL_CONVERSION = YES;
				CLANG_WARN_CONSTANT_CONVERSION = YES;
				CLANG_WARN_DIRECT_OBJC_ISA_USAGE = YES_ERROR;
				CLANG_WARN_EMPTY_BODY = YES;
				CLANG_WARN_ENUM_CONVERSION = YES;
				CLANG_WARN_INT_CONVERSION = YES;
				CLANG_WARN_OBJC_ROOT_CLASS = YES_ERROR;
				CLANG_WARN_UNREACHABLE_CODE = YES;
				CLANG_WARN__DUPLICATE_METHOD_MATCH = YES;
				COPY_PHASE_STRIP = YES;
				DEBUG_INFORMATION_FORMAT = "dwarf-with-dsym";
				ENABLE_NS_ASSERTIONS = NO;
				ENABLE_STRICT_OBJC_MSGSEND = YES;
				GCC_C_LANGUAGE_STANDARD = gnu99;
				GCC_WARN_64_TO_32_BIT_CONVERSION = YES;
				GCC_WARN_ABOUT_RETURN_TYPE = YES_ERROR;
				GCC_WARN_UNDECLARED_SELECTOR = YES;
				GCC_WARN_UNINITIALIZED_AUTOS = YES_AGGRESSIVE;
				GCC_WARN_UNUSED_FUNCTION = YES;
				GCC_WARN_UNUSED_VARIABLE = YES;
				MACOSX_DEPLOYMENT_TARGET = 10.9;
				MTL_ENABLE_DEBUG_INFO = NO;
				SDKROOT = macosx;
			};
			name = Release;
		};
		659933891A7B8BE200520BCA /* Debug */ = {
			isa = XCBuildConfiguration;
			buildSettings = {
				PRODUCT_NAME = "$(TARGET_NAME)";
			};
			name = Debug;
		};
		6599338A1A7B8BE200520BCA /* Release */ = {
			isa = XCBuildConfiguration;
			buildSettings = {
				PRODUCT_NAME = "$(TARGET_NAME)";
			};
			name = Release;
		};
/* End XCBuildConfiguration section */

/* Begin XCConfigurationList section */
		6599337C1A7B8BE200520BCA /* Build configuration list for PBXProject "test" */ = {
			isa = XCConfigurationList;
			buildConfigurations = (
				659933861A7B8BE200520BCA /* Debug */,
				659933871A7B8BE200520BCA /* Release */,
			);
			defaultConfigurationIsVisible = 0;
			defaultConfigurationName = Release;
		};
		659933881A7B8BE200520BCA /* Build configuration list for PBXNativeTarget "test" */ = {
			isa = XCConfigurationList;
			buildConfigurations = (
				659933891A7B8BE200520BCA /* Debug */,
				6599338A1A7B8BE200520BCA /* Release */,
			);
			defaultConfigurationIsVisible = 0;
			defaultConfigurationName = Release;
		};
/* End XCConfigurationList section */
	};
	rootObject = 659933791A7B8BE200520BCA /* Project object */;
}
